
Microsoft Visual Studio Solution File, Format Version 12.00
# Visual Studio Version 17
VisualStudioVersion = 17.0.32014.148
MinimumVisualStudioVersion = 10.0.40219.1
Project("{FAE04EC0-301F-11D3-BF4B-00C04F79EFBC}") = "TicTacToe", "TicTacToe.csproj", "{781CEC25-397B-4055-BA00-07B4DDDBC684}"
EndProject
Global
	GlobalSection(SolutionConfigurationPlatforms) = preSolution
		Debug|Any CPU = Debug|Any CPU
		Release|Any CPU = Release|Any CPU
	EndGlobalSection
	GlobalSection(ProjectConfigurationPlatforms) = postSolution
		{781CEC25-397B-4055-BA00-07B4DDDBC684}.Debug|Any CPU.ActiveCfg = Debug|Any CPU
		{781CEC25-397B-4055-BA00-07B4DDDBC684}.Debug|Any CPU.Build.0 = Debug|Any CPU
		{781CEC25-397B-4055-BA00-07B4DDDBC684}.Release|Any CPU.ActiveCfg = Release|Any CPU
		{781CEC25-397B-4055-BA00-07B4DDDBC684}.Release|Any CPU.Build.0 = Release|Any CPU
	EndGlobalSection
	GlobalSection(SolutionProperties) = preSolution
		HideSolutionNode = FALSE
	EndGlobalSection
	GlobalSection(ExtensibilityGlobals) = postSolution
		SolutionGuid = {13B9885E-46D3-41BE-AB27-2A89EDE4C5D5}
	EndGlobalSection
EndGlobal
